// !$*UTF8*$!
{
	archiveVersion = 1;
	classes = {
	};
	objectVersion = 51;
	objects = {

/* Begin PBXBuildFile section */
		2F041FF02690CED10025171A /* FixMeApp.swift in Sources */ = {isa = PBXBuildFile; fileRef = 2F041FEF2690CED10025171A /* FixMeApp.swift */; };
		2F041FF22690CED10025171A /* ContentView.swift in Sources */ = {isa = PBXBuildFile; fileRef = 2F041FF12690CED10025171A /* ContentView.swift */; };
		2F041FF42690CED20025171A /* Assets.xcassets in Resources */ = {isa = PBXBuildFile; fileRef = 2F041FF32690CED20025171A /* Assets.xcassets */; };
		2F041FF72690CED20025171A /* Preview Assets.xcassets in Resources */ = {isa = PBXBuildFile; fileRef = 2F041FF62690CED20025171A /* Preview Assets.xcassets */; };
		2F0420022690CED30025171A /* FixMeTests.swift in Sources */ = {isa = PBXBuildFile; fileRef = 2F0420012690CED30025171A /* FixMeTests.swift */; };
		2F04200D2690CED30025171A /* FixMeUITests.swift in Sources */ = {isa = PBXBuildFile; fileRef = 2F04200C2690CED30025171A /* FixMeUITests.swift */; };
		2F366FC226A938790044A931 /* Register.swift in Sources */ = {isa = PBXBuildFile; fileRef = 2F366FC126A938790044A931 /* Register.swift */; };
		2F366FC426A941EE0044A931 /* RegisterViewModel.swift in Sources */ = {isa = PBXBuildFile; fileRef = 2F366FC326A941EE0044A931 /* RegisterViewModel.swift */; };
		2F6388A02699F25F005944FC /* LoginViewModel.swift in Sources */ = {isa = PBXBuildFile; fileRef = 2F63889F2699F25F005944FC /* LoginViewModel.swift */; };
		2F6388A32699FAF4005944FC /* CountriesCode.swift in Sources */ = {isa = PBXBuildFile; fileRef = 2F6388A22699FAF4005944FC /* CountriesCode.swift */; };
		2FC2B859269C23B10074906E /* Verification.swift in Sources */ = {isa = PBXBuildFile; fileRef = 2FC2B858269C23B10074906E /* Verification.swift */; };
		2FC2B85B269C3E540074906E /* NumberPad.swift in Sources */ = {isa = PBXBuildFile; fileRef = 2FC2B85A269C3E540074906E /* NumberPad.swift */; };
		2FC2B85D269C4A290074906E /* GoogleService-Info.plist in Resources */ = {isa = PBXBuildFile; fileRef = 2FC2B85C269C4A290074906E /* GoogleService-Info.plist */; };
		2FDC498F269C835D005A4F23 /* AlertView.swift in Sources */ = {isa = PBXBuildFile; fileRef = 2FDC498E269C835D005A4F23 /* AlertView.swift */; };
		2FDC4991269CA534005A4F23 /* Home.swift in Sources */ = {isa = PBXBuildFile; fileRef = 2FDC4990269CA534005A4F23 /* Home.swift */; };
		2FF3256F269853C600773C2E /* Login.swift in Sources */ = {isa = PBXBuildFile; fileRef = 2FF3256E269853C600773C2E /* Login.swift */; };
		36C827B73193845ABA5BAD16 /* Pods_FixMeTests.framework in Frameworks */ = {isa = PBXBuildFile; fileRef = 4D4A353B4FFD1EC231AD9C2D /* Pods_FixMeTests.framework */; };
		CE76054A8E886DD925DEF8CF /* Pods_FixMe.framework in Frameworks */ = {isa = PBXBuildFile; fileRef = D1157F33DB1328BA92B2DAD4 /* Pods_FixMe.framework */; };
		D90E9532776B017D5D11DEC6 /* Pods_FixMe_FixMeUITests.framework in Frameworks */ = {isa = PBXBuildFile; fileRef = 577A374AFBDD26BA3B70419C /* Pods_FixMe_FixMeUITests.framework */; };
/* End PBXBuildFile section */

/* Begin PBXContainerItemProxy section */
		2F041FFE2690CED30025171A /* PBXContainerItemProxy */ = {
			isa = PBXContainerItemProxy;
			containerPortal = 2F041FE42690CED10025171A /* Project object */;
			proxyType = 1;
			remoteGlobalIDString = 2F041FEB2690CED10025171A;
			remoteInfo = FixMe;
		};
		2F0420092690CED30025171A /* PBXContainerItemProxy */ = {
			isa = PBXContainerItemProxy;
			containerPortal = 2F041FE42690CED10025171A /* Project object */;
			proxyType = 1;
			remoteGlobalIDString = 2F041FEB2690CED10025171A;
			remoteInfo = FixMe;
		};
/* End PBXContainerItemProxy section */

/* Begin PBXFileReference section */
		2F041FEC2690CED10025171A /* FixMe.app */ = {isa = PBXFileReference; explicitFileType = wrapper.application; includeInIndex = 0; path = FixMe.app; sourceTree = BUILT_PRODUCTS_DIR; };
		2F041FEF2690CED10025171A /* FixMeApp.swift */ = {isa = PBXFileReference; lastKnownFileType = sourcecode.swift; path = FixMeApp.swift; sourceTree = "<group>"; };
		2F041FF12690CED10025171A /* ContentView.swift */ = {isa = PBXFileReference; lastKnownFileType = sourcecode.swift; path = ContentView.swift; sourceTree = "<group>"; };
		2F041FF32690CED20025171A /* Assets.xcassets */ = {isa = PBXFileReference; lastKnownFileType = folder.assetcatalog; path = Assets.xcassets; sourceTree = "<group>"; };
		2F041FF62690CED20025171A /* Preview Assets.xcassets */ = {isa = PBXFileReference; lastKnownFileType = folder.assetcatalog; path = "Preview Assets.xcassets"; sourceTree = "<group>"; };
		2F041FF82690CED20025171A /* Info.plist */ = {isa = PBXFileReference; lastKnownFileType = text.plist.xml; path = Info.plist; sourceTree = "<group>"; };
		2F041FFD2690CED30025171A /* FixMeTests.xctest */ = {isa = PBXFileReference; explicitFileType = wrapper.cfbundle; includeInIndex = 0; path = FixMeTests.xctest; sourceTree = BUILT_PRODUCTS_DIR; };
		2F0420012690CED30025171A /* FixMeTests.swift */ = {isa = PBXFileReference; lastKnownFileType = sourcecode.swift; path = FixMeTests.swift; sourceTree = "<group>"; };
		2F0420032690CED30025171A /* Info.plist */ = {isa = PBXFileReference; lastKnownFileType = text.plist.xml; path = Info.plist; sourceTree = "<group>"; };
		2F0420082690CED30025171A /* FixMeUITests.xctest */ = {isa = PBXFileReference; explicitFileType = wrapper.cfbundle; includeInIndex = 0; path = FixMeUITests.xctest; sourceTree = BUILT_PRODUCTS_DIR; };
		2F04200C2690CED30025171A /* FixMeUITests.swift */ = {isa = PBXFileReference; lastKnownFileType = sourcecode.swift; path = FixMeUITests.swift; sourceTree = "<group>"; };
		2F04200E2690CED30025171A /* Info.plist */ = {isa = PBXFileReference; lastKnownFileType = text.plist.xml; path = Info.plist; sourceTree = "<group>"; };
		2F366FC126A938790044A931 /* Register.swift */ = {isa = PBXFileReference; lastKnownFileType = sourcecode.swift; path = Register.swift; sourceTree = "<group>"; };
		2F366FC326A941EE0044A931 /* RegisterViewModel.swift */ = {isa = PBXFileReference; lastKnownFileType = sourcecode.swift; path = RegisterViewModel.swift; sourceTree = "<group>"; };
		2F63889F2699F25F005944FC /* LoginViewModel.swift */ = {isa = PBXFileReference; lastKnownFileType = sourcecode.swift; path = LoginViewModel.swift; sourceTree = "<group>"; };
		2F6388A22699FAF4005944FC /* CountriesCode.swift */ = {isa = PBXFileReference; lastKnownFileType = sourcecode.swift; path = CountriesCode.swift; sourceTree = "<group>"; };
		2FC2B858269C23B10074906E /* Verification.swift */ = {isa = PBXFileReference; lastKnownFileType = sourcecode.swift; path = Verification.swift; sourceTree = "<group>"; };
		2FC2B85A269C3E540074906E /* NumberPad.swift */ = {isa = PBXFileReference; lastKnownFileType = sourcecode.swift; path = NumberPad.swift; sourceTree = "<group>"; };
		2FC2B85C269C4A290074906E /* GoogleService-Info.plist */ = {isa = PBXFileReference; fileEncoding = 4; lastKnownFileType = text.plist.xml; name = "GoogleService-Info.plist"; path = "../../../../../../Downloads/GoogleService-Info.plist"; sourceTree = "<group>"; };
		2FDC498E269C835D005A4F23 /* AlertView.swift */ = {isa = PBXFileReference; lastKnownFileType = sourcecode.swift; path = AlertView.swift; sourceTree = "<group>"; };
		2FDC4990269CA534005A4F23 /* Home.swift */ = {isa = PBXFileReference; lastKnownFileType = sourcecode.swift; path = Home.swift; sourceTree = "<group>"; };
		2FF3256E269853C600773C2E /* Login.swift */ = {isa = PBXFileReference; lastKnownFileType = sourcecode.swift; path = Login.swift; sourceTree = "<group>"; };
		4D4A353B4FFD1EC231AD9C2D /* Pods_FixMeTests.framework */ = {isa = PBXFileReference; explicitFileType = wrapper.framework; includeInIndex = 0; path = Pods_FixMeTests.framework; sourceTree = BUILT_PRODUCTS_DIR; };
		508B41FE4302654FDF0E3BBA /* Pods-FixMe.release.xcconfig */ = {isa = PBXFileReference; includeInIndex = 1; lastKnownFileType = text.xcconfig; name = "Pods-FixMe.release.xcconfig"; path = "Target Support Files/Pods-FixMe/Pods-FixMe.release.xcconfig"; sourceTree = "<group>"; };
		54B4E689F1BD1A6D12086501 /* Pods-FixMe-FixMeUITests.debug.xcconfig */ = {isa = PBXFileReference; includeInIndex = 1; lastKnownFileType = text.xcconfig; name = "Pods-FixMe-FixMeUITests.debug.xcconfig"; path = "Target Support Files/Pods-FixMe-FixMeUITests/Pods-FixMe-FixMeUITests.debug.xcconfig"; sourceTree = "<group>"; };
		577A374AFBDD26BA3B70419C /* Pods_FixMe_FixMeUITests.framework */ = {isa = PBXFileReference; explicitFileType = wrapper.framework; includeInIndex = 0; path = Pods_FixMe_FixMeUITests.framework; sourceTree = BUILT_PRODUCTS_DIR; };
		64552FEF12A9BB4FEA2F505A /* Pods-FixMe.debug.xcconfig */ = {isa = PBXFileReference; includeInIndex = 1; lastKnownFileType = text.xcconfig; name = "Pods-FixMe.debug.xcconfig"; path = "Target Support Files/Pods-FixMe/Pods-FixMe.debug.xcconfig"; sourceTree = "<group>"; };
		7CB482B696F41FAF2431FA4C /* Pods-FixMeTests.debug.xcconfig */ = {isa = PBXFileReference; includeInIndex = 1; lastKnownFileType = text.xcconfig; name = "Pods-FixMeTests.debug.xcconfig"; path = "Target Support Files/Pods-FixMeTests/Pods-FixMeTests.debug.xcconfig"; sourceTree = "<group>"; };
		D1157F33DB1328BA92B2DAD4 /* Pods_FixMe.framework */ = {isa = PBXFileReference; explicitFileType = wrapper.framework; includeInIndex = 0; path = Pods_FixMe.framework; sourceTree = BUILT_PRODUCTS_DIR; };
		F8467BE1E45DAE3029FF8865 /* Pods-FixMe-FixMeUITests.release.xcconfig */ = {isa = PBXFileReference; includeInIndex = 1; lastKnownFileType = text.xcconfig; name = "Pods-FixMe-FixMeUITests.release.xcconfig"; path = "Target Support Files/Pods-FixMe-FixMeUITests/Pods-FixMe-FixMeUITests.release.xcconfig"; sourceTree = "<group>"; };
		FB8F95D5E34FBACA4EBD89B2 /* Pods-FixMeTests.release.xcconfig */ = {isa = PBXFileReference; includeInIndex = 1; lastKnownFileType = text.xcconfig; name = "Pods-FixMeTests.release.xcconfig"; path = "Target Support Files/Pods-FixMeTests/Pods-FixMeTests.release.xcconfig"; sourceTree = "<group>"; };
/* End PBXFileReference section */

/* Begin PBXFrameworksBuildPhase section */
		2F041FE92690CED10025171A /* Frameworks */ = {
			isa = PBXFrameworksBuildPhase;
			buildActionMask = 2147483647;
			files = (
				CE76054A8E886DD925DEF8CF /* Pods_FixMe.framework in Frameworks */,
			);
			runOnlyForDeploymentPostprocessing = 0;
		};
		2F041FFA2690CED30025171A /* Frameworks */ = {
			isa = PBXFrameworksBuildPhase;
			buildActionMask = 2147483647;
			files = (
				36C827B73193845ABA5BAD16 /* Pods_FixMeTests.framework in Frameworks */,
			);
			runOnlyForDeploymentPostprocessing = 0;
		};
		2F0420052690CED30025171A /* Frameworks */ = {
			isa = PBXFrameworksBuildPhase;
			buildActionMask = 2147483647;
			files = (
				D90E9532776B017D5D11DEC6 /* Pods_FixMe_FixMeUITests.framework in Frameworks */,
			);
			runOnlyForDeploymentPostprocessing = 0;
		};
/* End PBXFrameworksBuildPhase section */

/* Begin PBXGroup section */
		0EF290A852CD3C060C6D224F /* Frameworks */ = {
			isa = PBXGroup;
			children = (
				D1157F33DB1328BA92B2DAD4 /* Pods_FixMe.framework */,
				577A374AFBDD26BA3B70419C /* Pods_FixMe_FixMeUITests.framework */,
				4D4A353B4FFD1EC231AD9C2D /* Pods_FixMeTests.framework */,
			);
			name = Frameworks;
			sourceTree = "<group>";
		};
		2F041FE32690CED10025171A = {
			isa = PBXGroup;
			children = (
				2F041FEE2690CED10025171A /* FixMe */,
				2F0420002690CED30025171A /* FixMeTests */,
				2F04200B2690CED30025171A /* FixMeUITests */,
				2F041FED2690CED10025171A /* Products */,
				3F74CCBFFE6201E0BB991446 /* Pods */,
				0EF290A852CD3C060C6D224F /* Frameworks */,
			);
			sourceTree = "<group>";
		};
		2F041FED2690CED10025171A /* Products */ = {
			isa = PBXGroup;
			children = (
				2F041FEC2690CED10025171A /* FixMe.app */,
				2F041FFD2690CED30025171A /* FixMeTests.xctest */,
				2F0420082690CED30025171A /* FixMeUITests.xctest */,
			);
			name = Products;
			sourceTree = "<group>";
		};
		2F041FEE2690CED10025171A /* FixMe */ = {
			isa = PBXGroup;
			children = (
				2F6388A12699FABB005944FC /* Model */,
				2F63889E2699F1BC005944FC /* ViewModel */,
				2F63889D2699F1B1005944FC /* View */,
				2F041FEF2690CED10025171A /* FixMeApp.swift */,
				2F041FF12690CED10025171A /* ContentView.swift */,
				2FDC4990269CA534005A4F23 /* Home.swift */,
				2F041FF32690CED20025171A /* Assets.xcassets */,
				2FC2B85C269C4A290074906E /* GoogleService-Info.plist */,
				2F041FF82690CED20025171A /* Info.plist */,
				2F041FF52690CED20025171A /* Preview Content */,
			);
			path = FixMe;
			sourceTree = "<group>";
		};
		2F041FF52690CED20025171A /* Preview Content */ = {
			isa = PBXGroup;
			children = (
				2F041FF62690CED20025171A /* Preview Assets.xcassets */,
			);
			path = "Preview Content";
			sourceTree = "<group>";
		};
		2F0420002690CED30025171A /* FixMeTests */ = {
			isa = PBXGroup;
			children = (
				2F0420012690CED30025171A /* FixMeTests.swift */,
				2F0420032690CED30025171A /* Info.plist */,
			);
			path = FixMeTests;
			sourceTree = "<group>";
		};
		2F04200B2690CED30025171A /* FixMeUITests */ = {
			isa = PBXGroup;
			children = (
				2F04200C2690CED30025171A /* FixMeUITests.swift */,
				2F04200E2690CED30025171A /* Info.plist */,
			);
			path = FixMeUITests;
			sourceTree = "<group>";
		};
		2F366FBF26A9381E0044A931 /* Login */ = {
			isa = PBXGroup;
			children = (
				2FDC498E269C835D005A4F23 /* AlertView.swift */,
				2FC2B85A269C3E540074906E /* NumberPad.swift */,
				2FC2B858269C23B10074906E /* Verification.swift */,
				2FF3256E269853C600773C2E /* Login.swift */,
			);
			path = Login;
			sourceTree = "<group>";
		};
		2F366FC026A938370044A931 /* Register */ = {
			isa = PBXGroup;
			children = (
				2F366FC126A938790044A931 /* Register.swift */,
			);
			path = Register;
			sourceTree = "<group>";
		};
		2F63889D2699F1B1005944FC /* View */ = {
			isa = PBXGroup;
			children = (
				2F366FC026A938370044A931 /* Register */,
				2F366FBF26A9381E0044A931 /* Login */,
			);
			path = View;
			sourceTree = "<group>";
		};
		2F63889E2699F1BC005944FC /* ViewModel */ = {
			isa = PBXGroup;
			children = (
				2F63889F2699F25F005944FC /* LoginViewModel.swift */,
				2F366FC326A941EE0044A931 /* RegisterViewModel.swift */,
			);
			path = ViewModel;
			sourceTree = "<group>";
		};
		2F6388A12699FABB005944FC /* Model */ = {
			isa = PBXGroup;
			children = (
				2F6388A22699FAF4005944FC /* CountriesCode.swift */,
			);
			path = Model;
			sourceTree = "<group>";
		};
		3F74CCBFFE6201E0BB991446 /* Pods */ = {
			isa = PBXGroup;
			children = (
				64552FEF12A9BB4FEA2F505A /* Pods-FixMe.debug.xcconfig */,
				508B41FE4302654FDF0E3BBA /* Pods-FixMe.release.xcconfig */,
				54B4E689F1BD1A6D12086501 /* Pods-FixMe-FixMeUITests.debug.xcconfig */,
				F8467BE1E45DAE3029FF8865 /* Pods-FixMe-FixMeUITests.release.xcconfig */,
				7CB482B696F41FAF2431FA4C /* Pods-FixMeTests.debug.xcconfig */,
				FB8F95D5E34FBACA4EBD89B2 /* Pods-FixMeTests.release.xcconfig */,
			);
			path = Pods;
			sourceTree = "<group>";
		};
/* End PBXGroup section */

/* Begin PBXNativeTarget section */
		2F041FEB2690CED10025171A /* FixMe */ = {
			isa = PBXNativeTarget;
			buildConfigurationList = 2F0420112690CED30025171A /* Build configuration list for PBXNativeTarget "FixMe" */;
			buildPhases = (
				45A265BC900E626FE198B615 /* [CP] Check Pods Manifest.lock */,
				2F041FE82690CED10025171A /* Sources */,
				2F041FE92690CED10025171A /* Frameworks */,
				2F041FEA2690CED10025171A /* Resources */,
				320865CFD64F0CB8CD9B7300 /* [CP] Embed Pods Frameworks */,
			);
			buildRules = (
			);
			dependencies = (
			);
			name = FixMe;
			productName = FixMe;
			productReference = 2F041FEC2690CED10025171A /* FixMe.app */;
			productType = "com.apple.product-type.application";
		};
		2F041FFC2690CED30025171A /* FixMeTests */ = {
			isa = PBXNativeTarget;
			buildConfigurationList = 2F0420142690CED30025171A /* Build configuration list for PBXNativeTarget "FixMeTests" */;
			buildPhases = (
				8DCF3FCBF26329B131ACE9E9 /* [CP] Check Pods Manifest.lock */,
				2F041FF92690CED30025171A /* Sources */,
				2F041FFA2690CED30025171A /* Frameworks */,
				2F041FFB2690CED30025171A /* Resources */,
			);
			buildRules = (
			);
			dependencies = (
				2F041FFF2690CED30025171A /* PBXTargetDependency */,
			);
			name = FixMeTests;
			productName = FixMeTests;
			productReference = 2F041FFD2690CED30025171A /* FixMeTests.xctest */;
			productType = "com.apple.product-type.bundle.unit-test";
		};
		2F0420072690CED30025171A /* FixMeUITests */ = {
			isa = PBXNativeTarget;
			buildConfigurationList = 2F0420172690CED30025171A /* Build configuration list for PBXNativeTarget "FixMeUITests" */;
			buildPhases = (
				553D090B51733BB6BBCEDED6 /* [CP] Check Pods Manifest.lock */,
				2F0420042690CED30025171A /* Sources */,
				2F0420052690CED30025171A /* Frameworks */,
				2F0420062690CED30025171A /* Resources */,
				4E8A4578497E95D25E0C7B10 /* [CP] Embed Pods Frameworks */,
			);
			buildRules = (
			);
			dependencies = (
				2F04200A2690CED30025171A /* PBXTargetDependency */,
			);
			name = FixMeUITests;
			productName = FixMeUITests;
			productReference = 2F0420082690CED30025171A /* FixMeUITests.xctest */;
			productType = "com.apple.product-type.bundle.ui-testing";
		};
/* End PBXNativeTarget section */

/* Begin PBXProject section */
		2F041FE42690CED10025171A /* Project object */ = {
			isa = PBXProject;
			attributes = {
				LastSwiftUpdateCheck = 1250;
				LastUpgradeCheck = 1250;
				TargetAttributes = {
					2F041FEB2690CED10025171A = {
						CreatedOnToolsVersion = 12.5;
					};
					2F041FFC2690CED30025171A = {
						CreatedOnToolsVersion = 12.5;
						TestTargetID = 2F041FEB2690CED10025171A;
					};
					2F0420072690CED30025171A = {
						CreatedOnToolsVersion = 12.5;
						TestTargetID = 2F041FEB2690CED10025171A;
					};
				};
			};
			buildConfigurationList = 2F041FE72690CED10025171A /* Build configuration list for PBXProject "FixMe" */;
			compatibilityVersion = "Xcode 9.3";
			developmentRegion = en;
			hasScannedForEncodings = 0;
			knownRegions = (
				en,
				Base,
			);
			mainGroup = 2F041FE32690CED10025171A;
			productRefGroup = 2F041FED2690CED10025171A /* Products */;
			projectDirPath = "";
			projectRoot = "";
			targets = (
				2F041FEB2690CED10025171A /* FixMe */,
				2F041FFC2690CED30025171A /* FixMeTests */,
				2F0420072690CED30025171A /* FixMeUITests */,
			);
		};
/* End PBXProject section */

/* Begin PBXResourcesBuildPhase section */
		2F041FEA2690CED10025171A /* Resources */ = {
			isa = PBXResourcesBuildPhase;
			buildActionMask = 2147483647;
			files = (
				2F041FF72690CED20025171A /* Preview Assets.xcassets in Resources */,
				2F041FF42690CED20025171A /* Assets.xcassets in Resources */,
				2FC2B85D269C4A290074906E /* GoogleService-Info.plist in Resources */,
			);
			runOnlyForDeploymentPostprocessing = 0;
		};
		2F041FFB2690CED30025171A /* Resources */ = {
			isa = PBXResourcesBuildPhase;
			buildActionMask = 2147483647;
			files = (
			);
			runOnlyForDeploymentPostprocessing = 0;
		};
		2F0420062690CED30025171A /* Resources */ = {
			isa = PBXResourcesBuildPhase;
			buildActionMask = 2147483647;
			files = (
			);
			runOnlyForDeploymentPostprocessing = 0;
		};
/* End PBXResourcesBuildPhase section */

/* Begin PBXShellScriptBuildPhase section */
		320865CFD64F0CB8CD9B7300 /* [CP] Embed Pods Frameworks */ = {
			isa = PBXShellScriptBuildPhase;
			buildActionMask = 2147483647;
			files = (
			);
			inputFileListPaths = (
				"${PODS_ROOT}/Target Support Files/Pods-FixMe/Pods-FixMe-frameworks-${CONFIGURATION}-input-files.xcfilelist",
			);
			name = "[CP] Embed Pods Frameworks";
			outputFileListPaths = (
				"${PODS_ROOT}/Target Support Files/Pods-FixMe/Pods-FixMe-frameworks-${CONFIGURATION}-output-files.xcfilelist",
			);
			runOnlyForDeploymentPostprocessing = 0;
			shellPath = /bin/sh;
			shellScript = "\"${PODS_ROOT}/Target Support Files/Pods-FixMe/Pods-FixMe-frameworks.sh\"\n";
			showEnvVarsInLog = 0;
		};
		45A265BC900E626FE198B615 /* [CP] Check Pods Manifest.lock */ = {
			isa = PBXShellScriptBuildPhase;
			buildActionMask = 2147483647;
			files = (
			);
			inputFileListPaths = (
			);
			inputPaths = (
				"${PODS_PODFILE_DIR_PATH}/Podfile.lock",
				"${PODS_ROOT}/Manifest.lock",
			);
			name = "[CP] Check Pods Manifest.lock";
			outputFileListPaths = (
			);
			outputPaths = (
				"$(DERIVED_FILE_DIR)/Pods-FixMe-checkManifestLockResult.txt",
			);
			runOnlyForDeploymentPostprocessing = 0;
			shellPath = /bin/sh;
			shellScript = "diff \"${PODS_PODFILE_DIR_PATH}/Podfile.lock\" \"${PODS_ROOT}/Manifest.lock\" > /dev/null\nif [ $? != 0 ] ; then\n    # print error to STDERR\n    echo \"error: The sandbox is not in sync with the Podfile.lock. Run 'pod install' or update your CocoaPods installation.\" >&2\n    exit 1\nfi\n# This output is used by Xcode 'outputs' to avoid re-running this script phase.\necho \"SUCCESS\" > \"${SCRIPT_OUTPUT_FILE_0}\"\n";
			showEnvVarsInLog = 0;
		};
		4E8A4578497E95D25E0C7B10 /* [CP] Embed Pods Frameworks */ = {
			isa = PBXShellScriptBuildPhase;
			buildActionMask = 2147483647;
			files = (
			);
			inputFileListPaths = (
				"${PODS_ROOT}/Target Support Files/Pods-FixMe-FixMeUITests/Pods-FixMe-FixMeUITests-frameworks-${CONFIGURATION}-input-files.xcfilelist",
			);
			name = "[CP] Embed Pods Frameworks";
			outputFileListPaths = (
				"${PODS_ROOT}/Target Support Files/Pods-FixMe-FixMeUITests/Pods-FixMe-FixMeUITests-frameworks-${CONFIGURATION}-output-files.xcfilelist",
			);
			runOnlyForDeploymentPostprocessing = 0;
			shellPath = /bin/sh;
			shellScript = "\"${PODS_ROOT}/Target Support Files/Pods-FixMe-FixMeUITests/Pods-FixMe-FixMeUITests-frameworks.sh\"\n";
			showEnvVarsInLog = 0;
		};
		553D090B51733BB6BBCEDED6 /* [CP] Check Pods Manifest.lock */ = {
			isa = PBXShellScriptBuildPhase;
			buildActionMask = 2147483647;
			files = (
			);
			inputFileListPaths = (
			);
			inputPaths = (
				"${PODS_PODFILE_DIR_PATH}/Podfile.lock",
				"${PODS_ROOT}/Manifest.lock",
			);
			name = "[CP] Check Pods Manifest.lock";
			outputFileListPaths = (
			);
			outputPaths = (
				"$(DERIVED_FILE_DIR)/Pods-FixMe-FixMeUITests-checkManifestLockResult.txt",
			);
			runOnlyForDeploymentPostprocessing = 0;
			shellPath = /bin/sh;
			shellScript = "diff \"${PODS_PODFILE_DIR_PATH}/Podfile.lock\" \"${PODS_ROOT}/Manifest.lock\" > /dev/null\nif [ $? != 0 ] ; then\n    # print error to STDERR\n    echo \"error: The sandbox is not in sync with the Podfile.lock. Run 'pod install' or update your CocoaPods installation.\" >&2\n    exit 1\nfi\n# This output is used by Xcode 'outputs' to avoid re-running this script phase.\necho \"SUCCESS\" > \"${SCRIPT_OUTPUT_FILE_0}\"\n";
			showEnvVarsInLog = 0;
		};
		8DCF3FCBF26329B131ACE9E9 /* [CP] Check Pods Manifest.lock */ = {
			isa = PBXShellScriptBuildPhase;
			buildActionMask = 2147483647;
			files = (
			);
			inputFileListPaths = (
			);
			inputPaths = (
				"${PODS_PODFILE_DIR_PATH}/Podfile.lock",
				"${PODS_ROOT}/Manifest.lock",
			);
			name = "[CP] Check Pods Manifest.lock";
			outputFileListPaths = (
			);
			outputPaths = (
				"$(DERIVED_FILE_DIR)/Pods-FixMeTests-checkManifestLockResult.txt",
			);
			runOnlyForDeploymentPostprocessing = 0;
			shellPath = /bin/sh;
			shellScript = "diff \"${PODS_PODFILE_DIR_PATH}/Podfile.lock\" \"${PODS_ROOT}/Manifest.lock\" > /dev/null\nif [ $? != 0 ] ; then\n    # print error to STDERR\n    echo \"error: The sandbox is not in sync with the Podfile.lock. Run 'pod install' or update your CocoaPods installation.\" >&2\n    exit 1\nfi\n# This output is used by Xcode 'outputs' to avoid re-running this script phase.\necho \"SUCCESS\" > \"${SCRIPT_OUTPUT_FILE_0}\"\n";
			showEnvVarsInLog = 0;
		};
/* End PBXShellScriptBuildPhase section */

/* Begin PBXSourcesBuildPhase section */
		2F041FE82690CED10025171A /* Sources */ = {
			isa = PBXSourcesBuildPhase;
			buildActionMask = 2147483647;
			files = (
				2FC2B859269C23B10074906E /* Verification.swift in Sources */,
				2F6388A02699F25F005944FC /* LoginViewModel.swift in Sources */,
				2F6388A32699FAF4005944FC /* CountriesCode.swift in Sources */,
				2FC2B85B269C3E540074906E /* NumberPad.swift in Sources */,
				2F366FC426A941EE0044A931 /* RegisterViewModel.swift in Sources */,
				2F366FC226A938790044A931 /* Register.swift in Sources */,
				2FDC4991269CA534005A4F23 /* Home.swift in Sources */,
				2FF3256F269853C600773C2E /* Login.swift in Sources */,
				2FDC498F269C835D005A4F23 /* AlertView.swift in Sources */,
				2F041FF22690CED10025171A /* ContentView.swift in Sources */,
				2F041FF02690CED10025171A /* FixMeApp.swift in Sources */,
			);
			runOnlyForDeploymentPostprocessing = 0;
		};
		2F041FF92690CED30025171A /* Sources */ = {
			isa = PBXSourcesBuildPhase;
			buildActionMask = 2147483647;
			files = (
				2F0420022690CED30025171A /* FixMeTests.swift in Sources */,
			);
			runOnlyForDeploymentPostprocessing = 0;
		};
		2F0420042690CED30025171A /* Sources */ = {
			isa = PBXSourcesBuildPhase;
			buildActionMask = 2147483647;
			files = (
				2F04200D2690CED30025171A /* FixMeUITests.swift in Sources */,
			);
			runOnlyForDeploymentPostprocessing = 0;
		};
/* End PBXSourcesBuildPhase section */

/* Begin PBXTargetDependency section */
		2F041FFF2690CED30025171A /* PBXTargetDependency */ = {
			isa = PBXTargetDependency;
			target = 2F041FEB2690CED10025171A /* FixMe */;
			targetProxy = 2F041FFE2690CED30025171A /* PBXContainerItemProxy */;
		};
		2F04200A2690CED30025171A /* PBXTargetDependency */ = {
			isa = PBXTargetDependency;
			target = 2F041FEB2690CED10025171A /* FixMe */;
			targetProxy = 2F0420092690CED30025171A /* PBXContainerItemProxy */;
		};
/* End PBXTargetDependency section */

/* Begin XCBuildConfiguration section */
		2F04200F2690CED30025171A /* Debug */ = {
			isa = XCBuildConfiguration;
			buildSettings = {
				ALWAYS_SEARCH_USER_PATHS = NO;
				CLANG_ANALYZER_NONNULL = YES;
				CLANG_ANALYZER_NUMBER_OBJECT_CONVERSION = YES_AGGRESSIVE;
				CLANG_CXX_LANGUAGE_STANDARD = "gnu++14";
				CLANG_CXX_LIBRARY = "libc++";
				CLANG_ENABLE_MODULES = YES;
				CLANG_ENABLE_OBJC_ARC = YES;
				CLANG_ENABLE_OBJC_WEAK = YES;
				CLANG_WARN_BLOCK_CAPTURE_AUTORELEASING = YES;
				CLANG_WARN_BOOL_CONVERSION = YES;
				CLANG_WARN_COMMA = YES;
				CLANG_WARN_CONSTANT_CONVERSION = YES;
				CLANG_WARN_DEPRECATED_OBJC_IMPLEMENTATIONS = YES;
				CLANG_WARN_DIRECT_OBJC_ISA_USAGE = YES_ERROR;
				CLANG_WARN_DOCUMENTATION_COMMENTS = YES;
				CLANG_WARN_EMPTY_BODY = YES;
				CLANG_WARN_ENUM_CONVERSION = YES;
				CLANG_WARN_INFINITE_RECURSION = YES;
				CLANG_WARN_INT_CONVERSION = YES;
				CLANG_WARN_NON_LITERAL_NULL_CONVERSION = YES;
				CLANG_WARN_OBJC_IMPLICIT_RETAIN_SELF = YES;
				CLANG_WARN_OBJC_LITERAL_CONVERSION = YES;
				CLANG_WARN_OBJC_ROOT_CLASS = YES_ERROR;
				CLANG_WARN_QUOTED_INCLUDE_IN_FRAMEWORK_HEADER = YES;
				CLANG_WARN_RANGE_LOOP_ANALYSIS = YES;
				CLANG_WARN_STRICT_PROTOTYPES = YES;
				CLANG_WARN_SUSPICIOUS_MOVE = YES;
				CLANG_WARN_UNGUARDED_AVAILABILITY = YES_AGGRESSIVE;
				CLANG_WARN_UNREACHABLE_CODE = YES;
				CLANG_WARN__DUPLICATE_METHOD_MATCH = YES;
				COPY_PHASE_STRIP = NO;
				DEBUG_INFORMATION_FORMAT = dwarf;
				ENABLE_STRICT_OBJC_MSGSEND = YES;
				ENABLE_TESTABILITY = YES;
				GCC_C_LANGUAGE_STANDARD = gnu11;
				GCC_DYNAMIC_NO_PIC = NO;
				GCC_NO_COMMON_BLOCKS = YES;
				GCC_OPTIMIZATION_LEVEL = 0;
				GCC_PREPROCESSOR_DEFINITIONS = (
					"DEBUG=1",
					"$(inherited)",
				);
				GCC_WARN_64_TO_32_BIT_CONVERSION = YES;
				GCC_WARN_ABOUT_RETURN_TYPE = YES_ERROR;
				GCC_WARN_UNDECLARED_SELECTOR = YES;
				GCC_WARN_UNINITIALIZED_AUTOS = YES_AGGRESSIVE;
				GCC_WARN_UNUSED_FUNCTION = YES;
				GCC_WARN_UNUSED_VARIABLE = YES;
				IPHONEOS_DEPLOYMENT_TARGET = 14.5;
				MTL_ENABLE_DEBUG_INFO = INCLUDE_SOURCE;
				MTL_FAST_MATH = YES;
				ONLY_ACTIVE_ARCH = YES;
				SDKROOT = iphoneos;
				SWIFT_ACTIVE_COMPILATION_CONDITIONS = DEBUG;
				SWIFT_OPTIMIZATION_LEVEL = "-Onone";
			};
			name = Debug;
		};
		2F0420102690CED30025171A /* Release */ = {
			isa = XCBuildConfiguration;
			buildSettings = {
				ALWAYS_SEARCH_USER_PATHS = NO;
				CLANG_ANALYZER_NONNULL = YES;
				CLANG_ANALYZER_NUMBER_OBJECT_CONVERSION = YES_AGGRESSIVE;
				CLANG_CXX_LANGUAGE_STANDARD = "gnu++14";
				CLANG_CXX_LIBRARY = "libc++";
				CLANG_ENABLE_MODULES = YES;
				CLANG_ENABLE_OBJC_ARC = YES;
				CLANG_ENABLE_OBJC_WEAK = YES;
				CLANG_WARN_BLOCK_CAPTURE_AUTORELEASING = YES;
				CLANG_WARN_BOOL_CONVERSION = YES;
				CLANG_WARN_COMMA = YES;
				CLANG_WARN_CONSTANT_CONVERSION = YES;
				CLANG_WARN_DEPRECATED_OBJC_IMPLEMENTATIONS = YES;
				CLANG_WARN_DIRECT_OBJC_ISA_USAGE = YES_ERROR;
				CLANG_WARN_DOCUMENTATION_COMMENTS = YES;
				CLANG_WARN_EMPTY_BODY = YES;
				CLANG_WARN_ENUM_CONVERSION = YES;
				CLANG_WARN_INFINITE_RECURSION = YES;
				CLANG_WARN_INT_CONVERSION = YES;
				CLANG_WARN_NON_LITERAL_NULL_CONVERSION = YES;
				CLANG_WARN_OBJC_IMPLICIT_RETAIN_SELF = YES;
				CLANG_WARN_OBJC_LITERAL_CONVERSION = YES;
				CLANG_WARN_OBJC_ROOT_CLASS = YES_ERROR;
				CLANG_WARN_QUOTED_INCLUDE_IN_FRAMEWORK_HEADER = YES;
				CLANG_WARN_RANGE_LOOP_ANALYSIS = YES;
				CLANG_WARN_STRICT_PROTOTYPES = YES;
				CLANG_WARN_SUSPICIOUS_MOVE = YES;
				CLANG_WARN_UNGUARDED_AVAILABILITY = YES_AGGRESSIVE;
				CLANG_WARN_UNREACHABLE_CODE = YES;
				CLANG_WARN__DUPLICATE_METHOD_MATCH = YES;
				COPY_PHASE_STRIP = NO;
				DEBUG_INFORMATION_FORMAT = "dwarf-with-dsym";
				ENABLE_NS_ASSERTIONS = NO;
				ENABLE_STRICT_OBJC_MSGSEND = YES;
				GCC_C_LANGUAGE_STANDARD = gnu11;
				GCC_NO_COMMON_BLOCKS = YES;
				GCC_WARN_64_TO_32_BIT_CONVERSION = YES;
				GCC_WARN_ABOUT_RETURN_TYPE = YES_ERROR;
				GCC_WARN_UNDECLARED_SELECTOR = YES;
				GCC_WARN_UNINITIALIZED_AUTOS = YES_AGGRESSIVE;
				GCC_WARN_UNUSED_FUNCTION = YES;
				GCC_WARN_UNUSED_VARIABLE = YES;
				IPHONEOS_DEPLOYMENT_TARGET = 14.5;
				MTL_ENABLE_DEBUG_INFO = NO;
				MTL_FAST_MATH = YES;
				SDKROOT = iphoneos;
				SWIFT_COMPILATION_MODE = wholemodule;
				SWIFT_OPTIMIZATION_LEVEL = "-O";
				VALIDATE_PRODUCT = YES;
			};
			name = Release;
		};
		2F0420122690CED30025171A /* Debug */ = {
			isa = XCBuildConfiguration;
			baseConfigurationReference = 64552FEF12A9BB4FEA2F505A /* Pods-FixMe.debug.xcconfig */;
			buildSettings = {
				ASSETCATALOG_COMPILER_APPICON_NAME = AppIcon;
				ASSETCATALOG_COMPILER_GLOBAL_ACCENT_COLOR_NAME = AccentColor;
				CODE_SIGN_STYLE = Automatic;
				DEVELOPMENT_ASSET_PATHS = "\"FixMe/Preview Content\"";
				ENABLE_PREVIEWS = YES;
				INFOPLIST_FILE = FixMe/Info.plist;
				IPHONEOS_DEPLOYMENT_TARGET = 14.0;
				LD_RUNPATH_SEARCH_PATHS = (
					"$(inherited)",
					"@executable_path/Frameworks",
				);
				PRODUCT_BUNDLE_IDENTIFIER = com.zinayouhan.FixMe;
				PRODUCT_NAME = "$(TARGET_NAME)";
				SWIFT_VERSION = 5.0;
				TARGETED_DEVICE_FAMILY = "1,2";
			};
			name = Debug;
		};
		2F0420132690CED30025171A /* Release */ = {
			isa = XCBuildConfiguration;
			baseConfigurationReference = 508B41FE4302654FDF0E3BBA /* Pods-FixMe.release.xcconfig */;
			buildSettings = {
				ASSETCATALOG_COMPILER_APPICON_NAME = AppIcon;
				ASSETCATALOG_COMPILER_GLOBAL_ACCENT_COLOR_NAME = AccentColor;
				CODE_SIGN_STYLE = Automatic;
				DEVELOPMENT_ASSET_PATHS = "\"FixMe/Preview Content\"";
				ENABLE_PREVIEWS = YES;
				INFOPLIST_FILE = FixMe/Info.plist;
				IPHONEOS_DEPLOYMENT_TARGET = 14.0;
				LD_RUNPATH_SEARCH_PATHS = (
					"$(inherited)",
					"@executable_path/Frameworks",
				);
				PRODUCT_BUNDLE_IDENTIFIER = com.zinayouhan.FixMe;
				PRODUCT_NAME = "$(TARGET_NAME)";
				SWIFT_VERSION = 5.0;
				TARGETED_DEVICE_FAMILY = "1,2";
			};
			name = Release;
		};
		2F0420152690CED30025171A /* Debug */ = {
			isa = XCBuildConfiguration;
			baseConfigurationReference = 7CB482B696F41FAF2431FA4C /* Pods-FixMeTests.debug.xcconfig */;
			buildSettings = {
				ALWAYS_EMBED_SWIFT_STANDARD_LIBRARIES = YES;
				BUNDLE_LOADER = "$(TEST_HOST)";
				CODE_SIGN_STYLE = Automatic;
				INFOPLIST_FILE = FixMeTests/Info.plist;
				IPHONEOS_DEPLOYMENT_TARGET = 14.0;
				LD_RUNPATH_SEARCH_PATHS = (
					"$(inherited)",
					"@executable_path/Frameworks",
					"@loader_path/Frameworks",
				);
				PRODUCT_BUNDLE_IDENTIFIER = com.zinayouhan.FixMeTests;
				PRODUCT_NAME = "$(TARGET_NAME)";
				SWIFT_VERSION = 5.0;
				TARGETED_DEVICE_FAMILY = "1,2";
				TEST_HOST = "$(BUILT_PRODUCTS_DIR)/FixMe.app/FixMe";
			};
			name = Debug;
		};
		2F0420162690CED30025171A /* Release */ = {
			isa = XCBuildConfiguration;
			baseConfigurationReference = FB8F95D5E34FBACA4EBD89B2 /* Pods-FixMeTests.release.xcconfig */;
			buildSettings = {
				ALWAYS_EMBED_SWIFT_STANDARD_LIBRARIES = YES;
				BUNDLE_LOADER = "$(TEST_HOST)";
				CODE_SIGN_STYLE = Automatic;
				INFOPLIST_FILE = FixMeTests/Info.plist;
				IPHONEOS_DEPLOYMENT_TARGET = 14.0;
				LD_RUNPATH_SEARCH_PATHS = (
					"$(inherited)",
					"@executable_path/Frameworks",
					"@loader_path/Frameworks",
				);
				PRODUCT_BUNDLE_IDENTIFIER = com.zinayouhan.FixMeTests;
				PRODUCT_NAME = "$(TARGET_NAME)";
				SWIFT_VERSION = 5.0;
				TARGETED_DEVICE_FAMILY = "1,2";
				TEST_HOST = "$(BUILT_PRODUCTS_DIR)/FixMe.app/FixMe";
			};
			name = Release;
		};
		2F0420182690CED30025171A /* Debug */ = {
			isa = XCBuildConfiguration;
			baseConfigurationReference = 54B4E689F1BD1A6D12086501 /* Pods-FixMe-FixMeUITests.debug.xcconfig */;
			buildSettings = {
				ALWAYS_EMBED_SWIFT_STANDARD_LIBRARIES = YES;
				CODE_SIGN_STYLE = Automatic;
				INFOPLIST_FILE = FixMeUITests/Info.plist;
				LD_RUNPATH_SEARCH_PATHS = (
					"$(inherited)",
					"@executable_path/Frameworks",
					"@loader_path/Frameworks",
				);
				PRODUCT_BUNDLE_IDENTIFIER = com.zinayouhan.FixMeUITests;
				PRODUCT_NAME = "$(TARGET_NAME)";
				SWIFT_VERSION = 5.0;
				TARGETED_DEVICE_FAMILY = "1,2";
				TEST_TARGET_NAME = FixMe;
			};
			name = Debug;
		};
		2F0420192690CED30025171A /* Release */ = {
			isa = XCBuildConfiguration;
			baseConfigurationReference = F8467BE1E45DAE3029FF8865 /* Pods-FixMe-FixMeUITests.release.xcconfig */;
			buildSettings = {
				ALWAYS_EMBED_SWIFT_STANDARD_LIBRARIES = YES;
				CODE_SIGN_STYLE = Automatic;
				INFOPLIST_FILE = FixMeUITests/Info.plist;
				LD_RUNPATH_SEARCH_PATHS = (
					"$(inherited)",
					"@executable_path/Frameworks",
					"@loader_path/Frameworks",
				);
				PRODUCT_BUNDLE_IDENTIFIER = com.zinayouhan.FixMeUITests;
				PRODUCT_NAME = "$(TARGET_NAME)";
				SWIFT_VERSION = 5.0;
				TARGETED_DEVICE_FAMILY = "1,2";
				TEST_TARGET_NAME = FixMe;
			};
			name = Release;
		};
/* End XCBuildConfiguration section */

/* Begin XCConfigurationList section */
		2F041FE72690CED10025171A /* Build configuration list for PBXProject "FixMe" */ = {
			isa = XCConfigurationList;
			buildConfigurations = (
				2F04200F2690CED30025171A /* Debug */,
				2F0420102690CED30025171A /* Release */,
			);
			defaultConfigurationIsVisible = 0;
			defaultConfigurationName = Release;
		};
		2F0420112690CED30025171A /* Build configuration list for PBXNativeTarget "FixMe" */ = {
			isa = XCConfigurationList;
			buildConfigurations = (
				2F0420122690CED30025171A /* Debug */,
				2F0420132690CED30025171A /* Release */,
			);
			defaultConfigurationIsVisible = 0;
			defaultConfigurationName = Release;
		};
		2F0420142690CED30025171A /* Build configuration list for PBXNativeTarget "FixMeTests" */ = {
			isa = XCConfigurationList;
			buildConfigurations = (
				2F0420152690CED30025171A /* Debug */,
				2F0420162690CED30025171A /* Release */,
			);
			defaultConfigurationIsVisible = 0;
			defaultConfigurationName = Release;
		};
		2F0420172690CED30025171A /* Build configuration list for PBXNativeTarget "FixMeUITests" */ = {
			isa = XCConfigurationList;
			buildConfigurations = (
				2F0420182690CED30025171A /* Debug */,
				2F0420192690CED30025171A /* Release */,
			);
			defaultConfigurationIsVisible = 0;
			defaultConfigurationName = Release;
		};
/* End XCConfigurationList section */
	};
	rootObject = 2F041FE42690CED10025171A /* Project object */;
}
