// !$*UTF8*$!
{
	archiveVersion = 1;
	classes = {
	};
	objectVersion = 50;
	objects = {

/* Begin PBXBuildFile section */
		2FCDFBC42681E2B200E27976 /* AppDelegate.swift in Sources */ = {isa = PBXBuildFile; fileRef = 2FCDFBC32681E2B200E27976 /* AppDelegate.swift */; };
		2FCDFBC62681E2B200E27976 /* SceneDelegate.swift in Sources */ = {isa = PBXBuildFile; fileRef = 2FCDFBC52681E2B200E27976 /* SceneDelegate.swift */; };
		2FCDFBC82681E2B200E27976 /* ViewController.swift in Sources */ = {isa = PBXBuildFile; fileRef = 2FCDFBC72681E2B200E27976 /* ViewController.swift */; };
		2FCDFBCB2681E2B200E27976 /* Main.storyboard in Resources */ = {isa = PBXBuildFile; fileRef = 2FCDFBC92681E2B200E27976 /* Main.storyboard */; };
		2FCDFBCD2681E2B300E27976 /* Assets.xcassets in Resources */ = {isa = PBXBuildFile; fileRef = 2FCDFBCC2681E2B300E27976 /* Assets.xcassets */; };
		2FCDFBD02681E2B300E27976 /* LaunchScreen.storyboard in Resources */ = {isa = PBXBuildFile; fileRef = 2FCDFBCE2681E2B300E27976 /* LaunchScreen.storyboard */; };
		2FCDFBDB2681E2B300E27976 /* FixMeTests.swift in Sources */ = {isa = PBXBuildFile; fileRef = 2FCDFBDA2681E2B300E27976 /* FixMeTests.swift */; };
		2FCDFBE62681E2B300E27976 /* FixMeUITests.swift in Sources */ = {isa = PBXBuildFile; fileRef = 2FCDFBE52681E2B300E27976 /* FixMeUITests.swift */; };
		2FCDFBF42681E30B00E27976 /* Screenshot 2021-06-22 at 14.35.56.png in Resources */ = {isa = PBXBuildFile; fileRef = 2FCDFBF32681E30B00E27976 /* Screenshot 2021-06-22 at 14.35.56.png */; };
		2FCDFBF62681E3BD00E27976 /* Screenshot 2021-06-22 at 14.53.19.png in Resources */ = {isa = PBXBuildFile; fileRef = 2FCDFBF52681E3BD00E27976 /* Screenshot 2021-06-22 at 14.53.19.png */; };
		2FCDFBF82681E89500E27976 /* Map.storyboard in Resources */ = {isa = PBXBuildFile; fileRef = 2FCDFBF72681E89500E27976 /* Map.storyboard */; };
		2FCDFBFA26822F8F00E27976 /* Screenshot 2021-06-22 at 20.16.59.png in Resources */ = {isa = PBXBuildFile; fileRef = 2FCDFBF926822F8F00E27976 /* Screenshot 2021-06-22 at 20.16.59.png */; };
/* End PBXBuildFile section */

/* Begin PBXContainerItemProxy section */
		2FCDFBD72681E2B300E27976 /* PBXContainerItemProxy */ = {
			isa = PBXContainerItemProxy;
			containerPortal = 2FCDFBB82681E2B200E27976 /* Project object */;
			proxyType = 1;
			remoteGlobalIDString = 2FCDFBBF2681E2B200E27976;
			remoteInfo = FixMe;
		};
		2FCDFBE22681E2B300E27976 /* PBXContainerItemProxy */ = {
			isa = PBXContainerItemProxy;
			containerPortal = 2FCDFBB82681E2B200E27976 /* Project object */;
			proxyType = 1;
			remoteGlobalIDString = 2FCDFBBF2681E2B200E27976;
			remoteInfo = FixMe;
		};
/* End PBXContainerItemProxy section */

/* Begin PBXFileReference section */
		2FCDFBC02681E2B200E27976 /* FixMe.app */ = {isa = PBXFileReference; explicitFileType = wrapper.application; includeInIndex = 0; path = FixMe.app; sourceTree = BUILT_PRODUCTS_DIR; };
		2FCDFBC32681E2B200E27976 /* AppDelegate.swift */ = {isa = PBXFileReference; lastKnownFileType = sourcecode.swift; path = AppDelegate.swift; sourceTree = "<group>"; };
		2FCDFBC52681E2B200E27976 /* SceneDelegate.swift */ = {isa = PBXFileReference; lastKnownFileType = sourcecode.swift; path = SceneDelegate.swift; sourceTree = "<group>"; };
		2FCDFBC72681E2B200E27976 /* ViewController.swift */ = {isa = PBXFileReference; lastKnownFileType = sourcecode.swift; path = ViewController.swift; sourceTree = "<group>"; };
		2FCDFBCA2681E2B200E27976 /* Base */ = {isa = PBXFileReference; lastKnownFileType = file.storyboard; name = Base; path = Base.lproj/Main.storyboard; sourceTree = "<group>"; };
		2FCDFBCC2681E2B300E27976 /* Assets.xcassets */ = {isa = PBXFileReference; lastKnownFileType = folder.assetcatalog; path = Assets.xcassets; sourceTree = "<group>"; };
		2FCDFBCF2681E2B300E27976 /* Base */ = {isa = PBXFileReference; lastKnownFileType = file.storyboard; name = Base; path = Base.lproj/LaunchScreen.storyboard; sourceTree = "<group>"; };
		2FCDFBD12681E2B300E27976 /* Info.plist */ = {isa = PBXFileReference; lastKnownFileType = text.plist.xml; path = Info.plist; sourceTree = "<group>"; };
		2FCDFBD62681E2B300E27976 /* FixMeTests.xctest */ = {isa = PBXFileReference; explicitFileType = wrapper.cfbundle; includeInIndex = 0; path = FixMeTests.xctest; sourceTree = BUILT_PRODUCTS_DIR; };
		2FCDFBDA2681E2B300E27976 /* FixMeTests.swift */ = {isa = PBXFileReference; lastKnownFileType = sourcecode.swift; path = FixMeTests.swift; sourceTree = "<group>"; };
		2FCDFBDC2681E2B300E27976 /* Info.plist */ = {isa = PBXFileReference; lastKnownFileType = text.plist.xml; path = Info.plist; sourceTree = "<group>"; };
		2FCDFBE12681E2B300E27976 /* FixMeUITests.xctest */ = {isa = PBXFileReference; explicitFileType = wrapper.cfbundle; includeInIndex = 0; path = FixMeUITests.xctest; sourceTree = BUILT_PRODUCTS_DIR; };
		2FCDFBE52681E2B300E27976 /* FixMeUITests.swift */ = {isa = PBXFileReference; lastKnownFileType = sourcecode.swift; path = FixMeUITests.swift; sourceTree = "<group>"; };
		2FCDFBE72681E2B300E27976 /* Info.plist */ = {isa = PBXFileReference; lastKnownFileType = text.plist.xml; path = Info.plist; sourceTree = "<group>"; };
		2FCDFBF32681E30B00E27976 /* Screenshot 2021-06-22 at 14.35.56.png */ = {isa = PBXFileReference; lastKnownFileType = image.png; name = "Screenshot 2021-06-22 at 14.35.56.png"; path = "../../../../../Desktop/Screenshot 2021-06-22 at 14.35.56.png"; sourceTree = "<group>"; };
		2FCDFBF52681E3BD00E27976 /* Screenshot 2021-06-22 at 14.53.19.png */ = {isa = PBXFileReference; lastKnownFileType = image.png; name = "Screenshot 2021-06-22 at 14.53.19.png"; path = "../../../../../Desktop/Screenshot 2021-06-22 at 14.53.19.png"; sourceTree = "<group>"; };
		2FCDFBF72681E89500E27976 /* Map.storyboard */ = {isa = PBXFileReference; lastKnownFileType = file.storyboard; path = Map.storyboard; sourceTree = "<group>"; };
		2FCDFBF926822F8F00E27976 /* Screenshot 2021-06-22 at 20.16.59.png */ = {isa = PBXFileReference; lastKnownFileType = image.png; name = "Screenshot 2021-06-22 at 20.16.59.png"; path = "../../../../../Desktop/Screenshot 2021-06-22 at 20.16.59.png"; sourceTree = "<group>"; };
/* End PBXFileReference section */

/* Begin PBXFrameworksBuildPhase section */
		2FCDFBBD2681E2B200E27976 /* Frameworks */ = {
			isa = PBXFrameworksBuildPhase;
			buildActionMask = 2147483647;
			files = (
			);
			runOnlyForDeploymentPostprocessing = 0;
		};
		2FCDFBD32681E2B300E27976 /* Frameworks */ = {
			isa = PBXFrameworksBuildPhase;
			buildActionMask = 2147483647;
			files = (
			);
			runOnlyForDeploymentPostprocessing = 0;
		};
		2FCDFBDE2681E2B300E27976 /* Frameworks */ = {
			isa = PBXFrameworksBuildPhase;
			buildActionMask = 2147483647;
			files = (
			);
			runOnlyForDeploymentPostprocessing = 0;
		};
/* End PBXFrameworksBuildPhase section */

/* Begin PBXGroup section */
		2FCDFBB72681E2B200E27976 = {
			isa = PBXGroup;
			children = (
				2FCDFBC22681E2B200E27976 /* FixMe */,
				2FCDFBD92681E2B300E27976 /* FixMeTests */,
				2FCDFBE42681E2B300E27976 /* FixMeUITests */,
				2FCDFBC12681E2B200E27976 /* Products */,
			);
			sourceTree = "<group>";
		};
		2FCDFBC12681E2B200E27976 /* Products */ = {
			isa = PBXGroup;
			children = (
				2FCDFBC02681E2B200E27976 /* FixMe.app */,
				2FCDFBD62681E2B300E27976 /* FixMeTests.xctest */,
				2FCDFBE12681E2B300E27976 /* FixMeUITests.xctest */,
			);
			name = Products;
			sourceTree = "<group>";
		};
		2FCDFBC22681E2B200E27976 /* FixMe */ = {
			isa = PBXGroup;
			children = (
				2FCDFBF32681E30B00E27976 /* Screenshot 2021-06-22 at 14.35.56.png */,
				2FCDFBC32681E2B200E27976 /* AppDelegate.swift */,
				2FCDFBC52681E2B200E27976 /* SceneDelegate.swift */,
				2FCDFBC72681E2B200E27976 /* ViewController.swift */,
				2FCDFBF926822F8F00E27976 /* Screenshot 2021-06-22 at 20.16.59.png */,
				2FCDFBF52681E3BD00E27976 /* Screenshot 2021-06-22 at 14.53.19.png */,
				2FCDFBC92681E2B200E27976 /* Main.storyboard */,
				2FCDFBCC2681E2B300E27976 /* Assets.xcassets */,
				2FCDFBCE2681E2B300E27976 /* LaunchScreen.storyboard */,
				2FCDFBD12681E2B300E27976 /* Info.plist */,
				2FCDFBF72681E89500E27976 /* Map.storyboard */,
			);
			path = FixMe;
			sourceTree = "<group>";
		};
		2FCDFBD92681E2B300E27976 /* FixMeTests */ = {
			isa = PBXGroup;
			children = (
				2FCDFBDA2681E2B300E27976 /* FixMeTests.swift */,
				2FCDFBDC2681E2B300E27976 /* Info.plist */,
			);
			path = FixMeTests;
			sourceTree = "<group>";
		};
		2FCDFBE42681E2B300E27976 /* FixMeUITests */ = {
			isa = PBXGroup;
			children = (
				2FCDFBE52681E2B300E27976 /* FixMeUITests.swift */,
				2FCDFBE72681E2B300E27976 /* Info.plist */,
			);
			path = FixMeUITests;
			sourceTree = "<group>";
		};
/* End PBXGroup section */

/* Begin PBXNativeTarget section */
		2FCDFBBF2681E2B200E27976 /* FixMe */ = {
			isa = PBXNativeTarget;
			buildConfigurationList = 2FCDFBEA2681E2B300E27976 /* Build configuration list for PBXNativeTarget "FixMe" */;
			buildPhases = (
				2FCDFBBC2681E2B200E27976 /* Sources */,
				2FCDFBBD2681E2B200E27976 /* Frameworks */,
				2FCDFBBE2681E2B200E27976 /* Resources */,
			);
			buildRules = (
			);
			dependencies = (
			);
			name = FixMe;
			productName = FixMe;
			productReference = 2FCDFBC02681E2B200E27976 /* FixMe.app */;
			productType = "com.apple.product-type.application";
		};
		2FCDFBD52681E2B300E27976 /* FixMeTests */ = {
			isa = PBXNativeTarget;
			buildConfigurationList = 2FCDFBED2681E2B300E27976 /* Build configuration list for PBXNativeTarget "FixMeTests" */;
			buildPhases = (
				2FCDFBD22681E2B300E27976 /* Sources */,
				2FCDFBD32681E2B300E27976 /* Frameworks */,
				2FCDFBD42681E2B300E27976 /* Resources */,
			);
			buildRules = (
			);
			dependencies = (
				2FCDFBD82681E2B300E27976 /* PBXTargetDependency */,
			);
			name = FixMeTests;
			productName = FixMeTests;
			productReference = 2FCDFBD62681E2B300E27976 /* FixMeTests.xctest */;
			productType = "com.apple.product-type.bundle.unit-test";
		};
		2FCDFBE02681E2B300E27976 /* FixMeUITests */ = {
			isa = PBXNativeTarget;
			buildConfigurationList = 2FCDFBF02681E2B300E27976 /* Build configuration list for PBXNativeTarget "FixMeUITests" */;
			buildPhases = (
				2FCDFBDD2681E2B300E27976 /* Sources */,
				2FCDFBDE2681E2B300E27976 /* Frameworks */,
				2FCDFBDF2681E2B300E27976 /* Resources */,
			);
			buildRules = (
			);
			dependencies = (
				2FCDFBE32681E2B300E27976 /* PBXTargetDependency */,
			);
			name = FixMeUITests;
			productName = FixMeUITests;
			productReference = 2FCDFBE12681E2B300E27976 /* FixMeUITests.xctest */;
			productType = "com.apple.product-type.bundle.ui-testing";
		};
/* End PBXNativeTarget section */

/* Begin PBXProject section */
		2FCDFBB82681E2B200E27976 /* Project object */ = {
			isa = PBXProject;
			attributes = {
				LastSwiftUpdateCheck = 1250;
				LastUpgradeCheck = 1250;
				TargetAttributes = {
					2FCDFBBF2681E2B200E27976 = {
						CreatedOnToolsVersion = 12.5;
					};
					2FCDFBD52681E2B300E27976 = {
						CreatedOnToolsVersion = 12.5;
						TestTargetID = 2FCDFBBF2681E2B200E27976;
					};
					2FCDFBE02681E2B300E27976 = {
						CreatedOnToolsVersion = 12.5;
						TestTargetID = 2FCDFBBF2681E2B200E27976;
					};
				};
			};
			buildConfigurationList = 2FCDFBBB2681E2B200E27976 /* Build configuration list for PBXProject "FixMe" */;
			compatibilityVersion = "Xcode 9.3";
			developmentRegion = en;
			hasScannedForEncodings = 0;
			knownRegions = (
				en,
				Base,
			);
			mainGroup = 2FCDFBB72681E2B200E27976;
			productRefGroup = 2FCDFBC12681E2B200E27976 /* Products */;
			projectDirPath = "";
			projectRoot = "";
			targets = (
				2FCDFBBF2681E2B200E27976 /* FixMe */,
				2FCDFBD52681E2B300E27976 /* FixMeTests */,
				2FCDFBE02681E2B300E27976 /* FixMeUITests */,
			);
		};
/* End PBXProject section */

/* Begin PBXResourcesBuildPhase section */
		2FCDFBBE2681E2B200E27976 /* Resources */ = {
			isa = PBXResourcesBuildPhase;
			buildActionMask = 2147483647;
			files = (
				2FCDFBF42681E30B00E27976 /* Screenshot 2021-06-22 at 14.35.56.png in Resources */,
				2FCDFBD02681E2B300E27976 /* LaunchScreen.storyboard in Resources */,
				2FCDFBCD2681E2B300E27976 /* Assets.xcassets in Resources */,
				2FCDFBF62681E3BD00E27976 /* Screenshot 2021-06-22 at 14.53.19.png in Resources */,
				2FCDFBFA26822F8F00E27976 /* Screenshot 2021-06-22 at 20.16.59.png in Resources */,
				2FCDFBCB2681E2B200E27976 /* Main.storyboard in Resources */,
				2FCDFBF82681E89500E27976 /* Map.storyboard in Resources */,
			);
			runOnlyForDeploymentPostprocessing = 0;
		};
		2FCDFBD42681E2B300E27976 /* Resources */ = {
			isa = PBXResourcesBuildPhase;
			buildActionMask = 2147483647;
			files = (
			);
			runOnlyForDeploymentPostprocessing = 0;
		};
		2FCDFBDF2681E2B300E27976 /* Resources */ = {
			isa = PBXResourcesBuildPhase;
			buildActionMask = 2147483647;
			files = (
			);
			runOnlyForDeploymentPostprocessing = 0;
		};
/* End PBXResourcesBuildPhase section */

/* Begin PBXSourcesBuildPhase section */
		2FCDFBBC2681E2B200E27976 /* Sources */ = {
			isa = PBXSourcesBuildPhase;
			buildActionMask = 2147483647;
			files = (
				2FCDFBC82681E2B200E27976 /* ViewController.swift in Sources */,
				2FCDFBC42681E2B200E27976 /* AppDelegate.swift in Sources */,
				2FCDFBC62681E2B200E27976 /* SceneDelegate.swift in Sources */,
			);
			runOnlyForDeploymentPostprocessing = 0;
		};
		2FCDFBD22681E2B300E27976 /* Sources */ = {
			isa = PBXSourcesBuildPhase;
			buildActionMask = 2147483647;
			files = (
				2FCDFBDB2681E2B300E27976 /* FixMeTests.swift in Sources */,
			);
			runOnlyForDeploymentPostprocessing = 0;
		};
		2FCDFBDD2681E2B300E27976 /* Sources */ = {
			isa = PBXSourcesBuildPhase;
			buildActionMask = 2147483647;
			files = (
				2FCDFBE62681E2B300E27976 /* FixMeUITests.swift in Sources */,
			);
			runOnlyForDeploymentPostprocessing = 0;
		};
/* End PBXSourcesBuildPhase section */

/* Begin PBXTargetDependency section */
		2FCDFBD82681E2B300E27976 /* PBXTargetDependency */ = {
			isa = PBXTargetDependency;
			target = 2FCDFBBF2681E2B200E27976 /* FixMe */;
			targetProxy = 2FCDFBD72681E2B300E27976 /* PBXContainerItemProxy */;
		};
		2FCDFBE32681E2B300E27976 /* PBXTargetDependency */ = {
			isa = PBXTargetDependency;
			target = 2FCDFBBF2681E2B200E27976 /* FixMe */;
			targetProxy = 2FCDFBE22681E2B300E27976 /* PBXContainerItemProxy */;
		};
/* End PBXTargetDependency section */

/* Begin PBXVariantGroup section */
		2FCDFBC92681E2B200E27976 /* Main.storyboard */ = {
			isa = PBXVariantGroup;
			children = (
				2FCDFBCA2681E2B200E27976 /* Base */,
			);
			name = Main.storyboard;
			sourceTree = "<group>";
		};
		2FCDFBCE2681E2B300E27976 /* LaunchScreen.storyboard */ = {
			isa = PBXVariantGroup;
			children = (
				2FCDFBCF2681E2B300E27976 /* Base */,
			);
			name = LaunchScreen.storyboard;
			sourceTree = "<group>";
		};
/* End PBXVariantGroup section */

/* Begin XCBuildConfiguration section */
		2FCDFBE82681E2B300E27976 /* Debug */ = {
			isa = XCBuildConfiguration;
			buildSettings = {
				ALWAYS_SEARCH_USER_PATHS = NO;
				CLANG_ANALYZER_NONNULL = YES;
				CLANG_ANALYZER_NUMBER_OBJECT_CONVERSION = YES_AGGRESSIVE;
				CLANG_CXX_LANGUAGE_STANDARD = "gnu++14";
				CLANG_CXX_LIBRARY = "libc++";
				CLANG_ENABLE_MODULES = YES;
				CLANG_ENABLE_OBJC_ARC = YES;
				CLANG_ENABLE_OBJC_WEAK = YES;
				CLANG_WARN_BLOCK_CAPTURE_AUTORELEASING = YES;
				CLANG_WARN_BOOL_CONVERSION = YES;
				CLANG_WARN_COMMA = YES;
				CLANG_WARN_CONSTANT_CONVERSION = YES;
				CLANG_WARN_DEPRECATED_OBJC_IMPLEMENTATIONS = YES;
				CLANG_WARN_DIRECT_OBJC_ISA_USAGE = YES_ERROR;
				CLANG_WARN_DOCUMENTATION_COMMENTS = YES;
				CLANG_WARN_EMPTY_BODY = YES;
				CLANG_WARN_ENUM_CONVERSION = YES;
				CLANG_WARN_INFINITE_RECURSION = YES;
				CLANG_WARN_INT_CONVERSION = YES;
				CLANG_WARN_NON_LITERAL_NULL_CONVERSION = YES;
				CLANG_WARN_OBJC_IMPLICIT_RETAIN_SELF = YES;
				CLANG_WARN_OBJC_LITERAL_CONVERSION = YES;
				CLANG_WARN_OBJC_ROOT_CLASS = YES_ERROR;
				CLANG_WARN_QUOTED_INCLUDE_IN_FRAMEWORK_HEADER = YES;
				CLANG_WARN_RANGE_LOOP_ANALYSIS = YES;
				CLANG_WARN_STRICT_PROTOTYPES = YES;
				CLANG_WARN_SUSPICIOUS_MOVE = YES;
				CLANG_WARN_UNGUARDED_AVAILABILITY = YES_AGGRESSIVE;
				CLANG_WARN_UNREACHABLE_CODE = YES;
				CLANG_WARN__DUPLICATE_METHOD_MATCH = YES;
				COPY_PHASE_STRIP = NO;
				DEBUG_INFORMATION_FORMAT = dwarf;
				ENABLE_STRICT_OBJC_MSGSEND = YES;
				ENABLE_TESTABILITY = YES;
				GCC_C_LANGUAGE_STANDARD = gnu11;
				GCC_DYNAMIC_NO_PIC = NO;
				GCC_NO_COMMON_BLOCKS = YES;
				GCC_OPTIMIZATION_LEVEL = 0;
				GCC_PREPROCESSOR_DEFINITIONS = (
					"DEBUG=1",
					"$(inherited)",
				);
				GCC_WARN_64_TO_32_BIT_CONVERSION = YES;
				GCC_WARN_ABOUT_RETURN_TYPE = YES_ERROR;
				GCC_WARN_UNDECLARED_SELECTOR = YES;
				GCC_WARN_UNINITIALIZED_AUTOS = YES_AGGRESSIVE;
				GCC_WARN_UNUSED_FUNCTION = YES;
				GCC_WARN_UNUSED_VARIABLE = YES;
				IPHONEOS_DEPLOYMENT_TARGET = 14.5;
				MTL_ENABLE_DEBUG_INFO = INCLUDE_SOURCE;
				MTL_FAST_MATH = YES;
				ONLY_ACTIVE_ARCH = YES;
				SDKROOT = iphoneos;
				SWIFT_ACTIVE_COMPILATION_CONDITIONS = DEBUG;
				SWIFT_OPTIMIZATION_LEVEL = "-Onone";
			};
			name = Debug;
		};
		2FCDFBE92681E2B300E27976 /* Release */ = {
			isa = XCBuildConfiguration;
			buildSettings = {
				ALWAYS_SEARCH_USER_PATHS = NO;
				CLANG_ANALYZER_NONNULL = YES;
				CLANG_ANALYZER_NUMBER_OBJECT_CONVERSION = YES_AGGRESSIVE;
				CLANG_CXX_LANGUAGE_STANDARD = "gnu++14";
				CLANG_CXX_LIBRARY = "libc++";
				CLANG_ENABLE_MODULES = YES;
				CLANG_ENABLE_OBJC_ARC = YES;
				CLANG_ENABLE_OBJC_WEAK = YES;
				CLANG_WARN_BLOCK_CAPTURE_AUTORELEASING = YES;
				CLANG_WARN_BOOL_CONVERSION = YES;
				CLANG_WARN_COMMA = YES;
				CLANG_WARN_CONSTANT_CONVERSION = YES;
				CLANG_WARN_DEPRECATED_OBJC_IMPLEMENTATIONS = YES;
				CLANG_WARN_DIRECT_OBJC_ISA_USAGE = YES_ERROR;
				CLANG_WARN_DOCUMENTATION_COMMENTS = YES;
				CLANG_WARN_EMPTY_BODY = YES;
				CLANG_WARN_ENUM_CONVERSION = YES;
				CLANG_WARN_INFINITE_RECURSION = YES;
				CLANG_WARN_INT_CONVERSION = YES;
				CLANG_WARN_NON_LITERAL_NULL_CONVERSION = YES;
				CLANG_WARN_OBJC_IMPLICIT_RETAIN_SELF = YES;
				CLANG_WARN_OBJC_LITERAL_CONVERSION = YES;
				CLANG_WARN_OBJC_ROOT_CLASS = YES_ERROR;
				CLANG_WARN_QUOTED_INCLUDE_IN_FRAMEWORK_HEADER = YES;
				CLANG_WARN_RANGE_LOOP_ANALYSIS = YES;
				CLANG_WARN_STRICT_PROTOTYPES = YES;
				CLANG_WARN_SUSPICIOUS_MOVE = YES;
				CLANG_WARN_UNGUARDED_AVAILABILITY = YES_AGGRESSIVE;
				CLANG_WARN_UNREACHABLE_CODE = YES;
				CLANG_WARN__DUPLICATE_METHOD_MATCH = YES;
				COPY_PHASE_STRIP = NO;
				DEBUG_INFORMATION_FORMAT = "dwarf-with-dsym";
				ENABLE_NS_ASSERTIONS = NO;
				ENABLE_STRICT_OBJC_MSGSEND = YES;
				GCC_C_LANGUAGE_STANDARD = gnu11;
				GCC_NO_COMMON_BLOCKS = YES;
				GCC_WARN_64_TO_32_BIT_CONVERSION = YES;
				GCC_WARN_ABOUT_RETURN_TYPE = YES_ERROR;
				GCC_WARN_UNDECLARED_SELECTOR = YES;
				GCC_WARN_UNINITIALIZED_AUTOS = YES_AGGRESSIVE;
				GCC_WARN_UNUSED_FUNCTION = YES;
				GCC_WARN_UNUSED_VARIABLE = YES;
				IPHONEOS_DEPLOYMENT_TARGET = 14.5;
				MTL_ENABLE_DEBUG_INFO = NO;
				MTL_FAST_MATH = YES;
				SDKROOT = iphoneos;
				SWIFT_COMPILATION_MODE = wholemodule;
				SWIFT_OPTIMIZATION_LEVEL = "-O";
				VALIDATE_PRODUCT = YES;
			};
			name = Release;
		};
		2FCDFBEB2681E2B300E27976 /* Debug */ = {
			isa = XCBuildConfiguration;
			buildSettings = {
				ASSETCATALOG_COMPILER_APPICON_NAME = AppIcon;
				ASSETCATALOG_COMPILER_GLOBAL_ACCENT_COLOR_NAME = AccentColor;
				CODE_SIGN_STYLE = Automatic;
				INFOPLIST_FILE = FixMe/Info.plist;
				LD_RUNPATH_SEARCH_PATHS = (
					"$(inherited)",
					"@executable_path/Frameworks",
				);
				PRODUCT_BUNDLE_IDENTIFIER = com.zinayouhan.FixMe;
				PRODUCT_NAME = "$(TARGET_NAME)";
				SWIFT_VERSION = 5.0;
				TARGETED_DEVICE_FAMILY = "1,2";
			};
			name = Debug;
		};
		2FCDFBEC2681E2B300E27976 /* Release */ = {
			isa = XCBuildConfiguration;
			buildSettings = {
				ASSETCATALOG_COMPILER_APPICON_NAME = AppIcon;
				ASSETCATALOG_COMPILER_GLOBAL_ACCENT_COLOR_NAME = AccentColor;
				CODE_SIGN_STYLE = Automatic;
				INFOPLIST_FILE = FixMe/Info.plist;
				LD_RUNPATH_SEARCH_PATHS = (
					"$(inherited)",
					"@executable_path/Frameworks",
				);
				PRODUCT_BUNDLE_IDENTIFIER = com.zinayouhan.FixMe;
				PRODUCT_NAME = "$(TARGET_NAME)";
				SWIFT_VERSION = 5.0;
				TARGETED_DEVICE_FAMILY = "1,2";
			};
			name = Release;
		};
		2FCDFBEE2681E2B300E27976 /* Debug */ = {
			isa = XCBuildConfiguration;
			buildSettings = {
				ALWAYS_EMBED_SWIFT_STANDARD_LIBRARIES = YES;
				BUNDLE_LOADER = "$(TEST_HOST)";
				CODE_SIGN_STYLE = Automatic;
				INFOPLIST_FILE = FixMeTests/Info.plist;
				IPHONEOS_DEPLOYMENT_TARGET = 14.5;
				LD_RUNPATH_SEARCH_PATHS = (
					"$(inherited)",
					"@executable_path/Frameworks",
					"@loader_path/Frameworks",
				);
				PRODUCT_BUNDLE_IDENTIFIER = com.zinayouhan.FixMeTests;
				PRODUCT_NAME = "$(TARGET_NAME)";
				SWIFT_VERSION = 5.0;
				TARGETED_DEVICE_FAMILY = "1,2";
				TEST_HOST = "$(BUILT_PRODUCTS_DIR)/FixMe.app/FixMe";
			};
			name = Debug;
		};
		2FCDFBEF2681E2B300E27976 /* Release */ = {
			isa = XCBuildConfiguration;
			buildSettings = {
				ALWAYS_EMBED_SWIFT_STANDARD_LIBRARIES = YES;
				BUNDLE_LOADER = "$(TEST_HOST)";
				CODE_SIGN_STYLE = Automatic;
				INFOPLIST_FILE = FixMeTests/Info.plist;
				IPHONEOS_DEPLOYMENT_TARGET = 14.5;
				LD_RUNPATH_SEARCH_PATHS = (
					"$(inherited)",
					"@executable_path/Frameworks",
					"@loader_path/Frameworks",
				);
				PRODUCT_BUNDLE_IDENTIFIER = com.zinayouhan.FixMeTests;
				PRODUCT_NAME = "$(TARGET_NAME)";
				SWIFT_VERSION = 5.0;
				TARGETED_DEVICE_FAMILY = "1,2";
				TEST_HOST = "$(BUILT_PRODUCTS_DIR)/FixMe.app/FixMe";
			};
			name = Release;
		};
		2FCDFBF12681E2B300E27976 /* Debug */ = {
			isa = XCBuildConfiguration;
			buildSettings = {
				ALWAYS_EMBED_SWIFT_STANDARD_LIBRARIES = YES;
				CODE_SIGN_STYLE = Automatic;
				INFOPLIST_FILE = FixMeUITests/Info.plist;
				LD_RUNPATH_SEARCH_PATHS = (
					"$(inherited)",
					"@executable_path/Frameworks",
					"@loader_path/Frameworks",
				);
				PRODUCT_BUNDLE_IDENTIFIER = com.zinayouhan.FixMeUITests;
				PRODUCT_NAME = "$(TARGET_NAME)";
				SWIFT_VERSION = 5.0;
				TARGETED_DEVICE_FAMILY = "1,2";
				TEST_TARGET_NAME = FixMe;
			};
			name = Debug;
		};
		2FCDFBF22681E2B300E27976 /* Release */ = {
			isa = XCBuildConfiguration;
			buildSettings = {
				ALWAYS_EMBED_SWIFT_STANDARD_LIBRARIES = YES;
				CODE_SIGN_STYLE = Automatic;
				INFOPLIST_FILE = FixMeUITests/Info.plist;
				LD_RUNPATH_SEARCH_PATHS = (
					"$(inherited)",
					"@executable_path/Frameworks",
					"@loader_path/Frameworks",
				);
				PRODUCT_BUNDLE_IDENTIFIER = com.zinayouhan.FixMeUITests;
				PRODUCT_NAME = "$(TARGET_NAME)";
				SWIFT_VERSION = 5.0;
				TARGETED_DEVICE_FAMILY = "1,2";
				TEST_TARGET_NAME = FixMe;
			};
			name = Release;
		};
/* End XCBuildConfiguration section */

/* Begin XCConfigurationList section */
		2FCDFBBB2681E2B200E27976 /* Build configuration list for PBXProject "FixMe" */ = {
			isa = XCConfigurationList;
			buildConfigurations = (
				2FCDFBE82681E2B300E27976 /* Debug */,
				2FCDFBE92681E2B300E27976 /* Release */,
			);
			defaultConfigurationIsVisible = 0;
			defaultConfigurationName = Release;
		};
		2FCDFBEA2681E2B300E27976 /* Build configuration list for PBXNativeTarget "FixMe" */ = {
			isa = XCConfigurationList;
			buildConfigurations = (
				2FCDFBEB2681E2B300E27976 /* Debug */,
				2FCDFBEC2681E2B300E27976 /* Release */,
			);
			defaultConfigurationIsVisible = 0;
			defaultConfigurationName = Release;
		};
		2FCDFBED2681E2B300E27976 /* Build configuration list for PBXNativeTarget "FixMeTests" */ = {
			isa = XCConfigurationList;
			buildConfigurations = (
				2FCDFBEE2681E2B300E27976 /* Debug */,
				2FCDFBEF2681E2B300E27976 /* Release */,
			);
			defaultConfigurationIsVisible = 0;
			defaultConfigurationName = Release;
		};
		2FCDFBF02681E2B300E27976 /* Build configuration list for PBXNativeTarget "FixMeUITests" */ = {
			isa = XCConfigurationList;
			buildConfigurations = (
				2FCDFBF12681E2B300E27976 /* Debug */,
				2FCDFBF22681E2B300E27976 /* Release */,
			);
			defaultConfigurationIsVisible = 0;
			defaultConfigurationName = Release;
		};
/* End XCConfigurationList section */
	};
	rootObject = 2FCDFBB82681E2B200E27976 /* Project object */;
}
